
Microsoft Visual Studio Solution File, Format Version 12.00
# Visual Studio Version 17
VisualStudioVersion = 17.11.35312.102
MinimumVisualStudioVersion = 10.0.40219.1
Project("{FAE04EC0-301F-11D3-BF4B-00C04F79EFBC}") = "SOA_CA2 E-Commerce", "SOA_CA2 E-Commerce.csproj", "{758DAC15-2FB4-4247-B384-D8F2FD811CA6}"
EndProject
Global
	GlobalSection(SolutionConfigurationPlatforms) = preSolution
		Debug|Any CPU = Debug|Any CPU
		Release|Any CPU = Release|Any CPU
	EndGlobalSection
	GlobalSection(ProjectConfigurationPlatforms) = postSolution
		{758DAC15-2FB4-4247-B384-D8F2FD811CA6}.Debug|Any CPU.ActiveCfg = Debug|Any CPU
		{758DAC15-2FB4-4247-B384-D8F2FD811CA6}.Debug|Any CPU.Build.0 = Debug|Any CPU
		{758DAC15-2FB4-4247-B384-D8F2FD811CA6}.Release|Any CPU.ActiveCfg = Release|Any CPU
		{758DAC15-2FB4-4247-B384-D8F2FD811CA6}.Release|Any CPU.Build.0 = Release|Any CPU
	EndGlobalSection
	GlobalSection(SolutionProperties) = preSolution
		HideSolutionNode = FALSE
	EndGlobalSection
	GlobalSection(ExtensibilityGlobals) = postSolution
		SolutionGuid = {6D49D270-D15F-47DE-8318-44254534D80A}
	EndGlobalSection
EndGlobal
